
Microsoft Visual Studio Solution File, Format Version 12.00
# Visual Studio Version 17
VisualStudioVersion = 17.11.35303.130
MinimumVisualStudioVersion = 10.0.40219.1
Project("{FAE04EC0-301F-11D3-BF4B-00C04F79EFBC}") = "Cinema.API", "CinemaAPIv3\Cinema.API.csproj", "{8E56046C-0218-45F5-9B88-3E2CC7509B44}"
EndProject
Project("{FAE04EC0-301F-11D3-BF4B-00C04F79EFBC}") = "DataModels", "DataModels\DataModels.csproj", "{01EB6829-0731-44FB-A273-DDEACA661D70}"
EndProject
Global
	GlobalSection(SolutionConfigurationPlatforms) = preSolution
		Debug|Any CPU = Debug|Any CPU
		Release|Any CPU = Release|Any CPU
	EndGlobalSection
	GlobalSection(ProjectConfigurationPlatforms) = postSolution
		{8E56046C-0218-45F5-9B88-3E2CC7509B44}.Debug|Any CPU.ActiveCfg = Debug|Any CPU
		{8E56046C-0218-45F5-9B88-3E2CC7509B44}.Debug|Any CPU.Build.0 = Debug|Any CPU
		{8E56046C-0218-45F5-9B88-3E2CC7509B44}.Release|Any CPU.ActiveCfg = Release|Any CPU
		{8E56046C-0218-45F5-9B88-3E2CC7509B44}.Release|Any CPU.Build.0 = Release|Any CPU
		{01EB6829-0731-44FB-A273-DDEACA661D70}.Debug|Any CPU.ActiveCfg = Debug|Any CPU
		{01EB6829-0731-44FB-A273-DDEACA661D70}.Debug|Any CPU.Build.0 = Debug|Any CPU
		{01EB6829-0731-44FB-A273-DDEACA661D70}.Release|Any CPU.ActiveCfg = Release|Any CPU
		{01EB6829-0731-44FB-A273-DDEACA661D70}.Release|Any CPU.Build.0 = Release|Any CPU
	EndGlobalSection
	GlobalSection(SolutionProperties) = preSolution
		HideSolutionNode = FALSE
	EndGlobalSection
	GlobalSection(ExtensibilityGlobals) = postSolution
		SolutionGuid = {39FE5B2A-B7E0-4314-9A6C-D763587BBC15}
	EndGlobalSection
EndGlobal
